
Microsoft Visual Studio Solution File, Format Version 12.00
# Visual Studio Version 17
VisualStudioVersion = 17.4.33213.308
MinimumVisualStudioVersion = 10.0.40219.1
Project("{9A19103F-16F7-4668-BE54-9A1E7A4F7556}") = "HotelListing.API", "HotelListing\HotelListing.API.csproj", "{D5A4BD88-56A8-4EAB-8381-263F58DEC870}"
EndProject
Global
	GlobalSection(SolutionConfigurationPlatforms) = preSolution
		Debug|Any CPU = Debug|Any CPU
		Release|Any CPU = Release|Any CPU
	EndGlobalSection
	GlobalSection(ProjectConfigurationPlatforms) = postSolution
		{D5A4BD88-56A8-4EAB-8381-263F58DEC870}.Debug|Any CPU.ActiveCfg = Debug|Any CPU
		{D5A4BD88-56A8-4EAB-8381-263F58DEC870}.Debug|Any CPU.Build.0 = Debug|Any CPU
		{D5A4BD88-56A8-4EAB-8381-263F58DEC870}.Release|Any CPU.ActiveCfg = Release|Any CPU
		{D5A4BD88-56A8-4EAB-8381-263F58DEC870}.Release|Any CPU.Build.0 = Release|Any CPU
	EndGlobalSection
	GlobalSection(SolutionProperties) = preSolution
		HideSolutionNode = FALSE
	EndGlobalSection
	GlobalSection(ExtensibilityGlobals) = postSolution
		SolutionGuid = {BF70E52F-CFD5-492A-904B-C97A4417B06C}
	EndGlobalSection
EndGlobal
